
Microsoft Visual Studio Solution File, Format Version 12.00
# Visual Studio Version 16
VisualStudioVersion = 16.0.29306.81
MinimumVisualStudioVersion = 10.0.40219.1
Project("{888888A0-9F3D-457C-B088-3A5042F75D52}") = "Force Learning", "Force Learning\Force Learning.pyproj", "{489100C2-66CE-4676-AC9B-2F462EC403D3}"
EndProject
Global
	GlobalSection(SolutionConfigurationPlatforms) = preSolution
		Debug|Any CPU = Debug|Any CPU
		Release|Any CPU = Release|Any CPU
	EndGlobalSection
	GlobalSection(ProjectConfigurationPlatforms) = postSolution
		{489100C2-66CE-4676-AC9B-2F462EC403D3}.Debug|Any CPU.ActiveCfg = Debug|Any CPU
		{489100C2-66CE-4676-AC9B-2F462EC403D3}.Release|Any CPU.ActiveCfg = Release|Any CPU
	EndGlobalSection
	GlobalSection(SolutionProperties) = preSolution
		HideSolutionNode = FALSE
	EndGlobalSection
	GlobalSection(ExtensibilityGlobals) = postSolution
		SolutionGuid = {5FEAC3D7-0B34-4789-A0C7-2CFAD393AA97}
	EndGlobalSection
EndGlobal
